// !$*UTF8*$!
{
	archiveVersion = 1;
	classes = {
	};
	objectVersion = 50;
	objects = {

/* Begin PBXBuildFile section */
		1D276C7223524338001AC336 /* SplashVC.swift in Sources */ = {isa = PBXBuildFile; fileRef = 1D276C7123524338001AC336 /* SplashVC.swift */; };
		1D276C742352444D001AC336 /* DescriptionVC.swift in Sources */ = {isa = PBXBuildFile; fileRef = 1D276C732352444D001AC336 /* DescriptionVC.swift */; };
		1D276C76235249FE001AC336 /* GameVC.swift in Sources */ = {isa = PBXBuildFile; fileRef = 1D276C75235249FE001AC336 /* GameVC.swift */; };
		1D276C7823524CF5001AC336 /* LevelCell.swift in Sources */ = {isa = PBXBuildFile; fileRef = 1D276C7723524CF5001AC336 /* LevelCell.swift */; };
		1D36A887235240DC001E2F5C /* AppDelegate.swift in Sources */ = {isa = PBXBuildFile; fileRef = 1D36A886235240DC001E2F5C /* AppDelegate.swift */; };
		1D36A889235240DC001E2F5C /* SceneDelegate.swift in Sources */ = {isa = PBXBuildFile; fileRef = 1D36A888235240DC001E2F5C /* SceneDelegate.swift */; };
		1D36A88B235240DC001E2F5C /* ViewController.swift in Sources */ = {isa = PBXBuildFile; fileRef = 1D36A88A235240DC001E2F5C /* ViewController.swift */; };
		1D36A88E235240DC001E2F5C /* Main.storyboard in Resources */ = {isa = PBXBuildFile; fileRef = 1D36A88C235240DC001E2F5C /* Main.storyboard */; };
		1D36A891235240DC001E2F5C /* pairgame.xcdatamodeld in Sources */ = {isa = PBXBuildFile; fileRef = 1D36A88F235240DC001E2F5C /* pairgame.xcdatamodeld */; };
		1D36A893235240DE001E2F5C /* Assets.xcassets in Resources */ = {isa = PBXBuildFile; fileRef = 1D36A892235240DE001E2F5C /* Assets.xcassets */; };
		1D36A896235240DE001E2F5C /* LaunchScreen.storyboard in Resources */ = {isa = PBXBuildFile; fileRef = 1D36A894235240DE001E2F5C /* LaunchScreen.storyboard */; };
		1D6356DF2382527100398921 /* FloatingTextField.swift in Sources */ = {isa = PBXBuildFile; fileRef = 1D6356DE2382527100398921 /* FloatingTextField.swift */; };
		1D7478F22352548900B46C7A /* GameCell.swift in Sources */ = {isa = PBXBuildFile; fileRef = 1D7478F12352548900B46C7A /* GameCell.swift */; };
		1D80FDA323A82EF8008488FB /* RegisterVC.swift in Sources */ = {isa = PBXBuildFile; fileRef = 1D80FDA223A82EF8008488FB /* RegisterVC.swift */; };
		1D9AEF5823825801005770D8 /* LoginVC.swift in Sources */ = {isa = PBXBuildFile; fileRef = 1D9AEF5723825801005770D8 /* LoginVC.swift */; };
		37581BC47F6FB9E79E13AD05 /* Pods_pairgame.framework in Frameworks */ = {isa = PBXBuildFile; fileRef = 2E7780661E35EAA7531BC43F /* Pods_pairgame.framework */; };
/* End PBXBuildFile section */

/* Begin PBXFileReference section */
		1D276C7123524338001AC336 /* SplashVC.swift */ = {isa = PBXFileReference; lastKnownFileType = sourcecode.swift; path = SplashVC.swift; sourceTree = "<group>"; };
		1D276C732352444D001AC336 /* DescriptionVC.swift */ = {isa = PBXFileReference; lastKnownFileType = sourcecode.swift; path = DescriptionVC.swift; sourceTree = "<group>"; };
		1D276C75235249FE001AC336 /* GameVC.swift */ = {isa = PBXFileReference; lastKnownFileType = sourcecode.swift; path = GameVC.swift; sourceTree = "<group>"; };
		1D276C7723524CF5001AC336 /* LevelCell.swift */ = {isa = PBXFileReference; lastKnownFileType = sourcecode.swift; path = LevelCell.swift; sourceTree = "<group>"; };
		1D36A883235240DC001E2F5C /* PairGame.app */ = {isa = PBXFileReference; explicitFileType = wrapper.application; includeInIndex = 0; path = PairGame.app; sourceTree = BUILT_PRODUCTS_DIR; };
		1D36A886235240DC001E2F5C /* AppDelegate.swift */ = {isa = PBXFileReference; lastKnownFileType = sourcecode.swift; path = AppDelegate.swift; sourceTree = "<group>"; };
		1D36A888235240DC001E2F5C /* SceneDelegate.swift */ = {isa = PBXFileReference; lastKnownFileType = sourcecode.swift; path = SceneDelegate.swift; sourceTree = "<group>"; };
		1D36A88A235240DC001E2F5C /* ViewController.swift */ = {isa = PBXFileReference; lastKnownFileType = sourcecode.swift; name = ViewController.swift; path = ../ViewController.swift; sourceTree = "<group>"; };
		1D36A88D235240DC001E2F5C /* Base */ = {isa = PBXFileReference; lastKnownFileType = file.storyboard; name = Base; path = Base.lproj/Main.storyboard; sourceTree = "<group>"; };
		1D36A890235240DC001E2F5C /* pairgame.xcdatamodel */ = {isa = PBXFileReference; lastKnownFileType = wrapper.xcdatamodel; path = pairgame.xcdatamodel; sourceTree = "<group>"; };
		1D36A892235240DE001E2F5C /* Assets.xcassets */ = {isa = PBXFileReference; lastKnownFileType = folder.assetcatalog; path = Assets.xcassets; sourceTree = "<group>"; };
		1D36A895235240DE001E2F5C /* Base */ = {isa = PBXFileReference; lastKnownFileType = file.storyboard; name = Base; path = Base.lproj/LaunchScreen.storyboard; sourceTree = "<group>"; };
		1D36A897235240DE001E2F5C /* Info.plist */ = {isa = PBXFileReference; lastKnownFileType = text.plist.xml; path = Info.plist; sourceTree = "<group>"; };
		1D6356DE2382527100398921 /* FloatingTextField.swift */ = {isa = PBXFileReference; lastKnownFileType = sourcecode.swift; path = FloatingTextField.swift; sourceTree = "<group>"; };
		1D7478F12352548900B46C7A /* GameCell.swift */ = {isa = PBXFileReference; lastKnownFileType = sourcecode.swift; path = GameCell.swift; sourceTree = "<group>"; };
		1D80FDA223A82EF8008488FB /* RegisterVC.swift */ = {isa = PBXFileReference; lastKnownFileType = sourcecode.swift; path = RegisterVC.swift; sourceTree = "<group>"; };
		1D9AEF5723825801005770D8 /* LoginVC.swift */ = {isa = PBXFileReference; lastKnownFileType = sourcecode.swift; path = LoginVC.swift; sourceTree = "<group>"; };
		2E7780661E35EAA7531BC43F /* Pods_pairgame.framework */ = {isa = PBXFileReference; explicitFileType = wrapper.framework; includeInIndex = 0; path = Pods_pairgame.framework; sourceTree = BUILT_PRODUCTS_DIR; };
		9681A7F00C5BA9768EE1EBD8 /* Pods-pairgame.debug.xcconfig */ = {isa = PBXFileReference; includeInIndex = 1; lastKnownFileType = text.xcconfig; name = "Pods-pairgame.debug.xcconfig"; path = "Target Support Files/Pods-pairgame/Pods-pairgame.debug.xcconfig"; sourceTree = "<group>"; };
		A6D0B0DD095AD7E8A18EB8E2 /* Pods-pairgame.release.xcconfig */ = {isa = PBXFileReference; includeInIndex = 1; lastKnownFileType = text.xcconfig; name = "Pods-pairgame.release.xcconfig"; path = "Target Support Files/Pods-pairgame/Pods-pairgame.release.xcconfig"; sourceTree = "<group>"; };
/* End PBXFileReference section */

/* Begin PBXFrameworksBuildPhase section */
		1D36A880235240DC001E2F5C /* Frameworks */ = {
			isa = PBXFrameworksBuildPhase;
			buildActionMask = 2147483647;
			files = (
				37581BC47F6FB9E79E13AD05 /* Pods_pairgame.framework in Frameworks */,
			);
			runOnlyForDeploymentPostprocessing = 0;
		};
/* End PBXFrameworksBuildPhase section */

/* Begin PBXGroup section */
		1D276C702352430D001AC336 /* controller */ = {
			isa = PBXGroup;
			children = (
				1D36A88A235240DC001E2F5C /* ViewController.swift */,
				1D276C7123524338001AC336 /* SplashVC.swift */,
				1D276C732352444D001AC336 /* DescriptionVC.swift */,
				1D276C75235249FE001AC336 /* GameVC.swift */,
				1D9AEF5723825801005770D8 /* LoginVC.swift */,
				1D80FDA223A82EF8008488FB /* RegisterVC.swift */,
			);
			path = controller;
			sourceTree = "<group>";
		};
		1D276C7B23524F89001AC336 /* cells */ = {
			isa = PBXGroup;
			children = (
				1D276C7723524CF5001AC336 /* LevelCell.swift */,
				1D7478F12352548900B46C7A /* GameCell.swift */,
			);
			path = cells;
			sourceTree = "<group>";
		};
		1D36A87A235240DC001E2F5C = {
			isa = PBXGroup;
			children = (
				1D36A885235240DC001E2F5C /* pairgame */,
				1D36A884235240DC001E2F5C /* Products */,
				F9840F2C2B569CA563BD2014 /* Pods */,
				CC70D54623B02AD478AE2AD6 /* Frameworks */,
			);
			sourceTree = "<group>";
		};
		1D36A884235240DC001E2F5C /* Products */ = {
			isa = PBXGroup;
			children = (
				1D36A883235240DC001E2F5C /* PairGame.app */,
			);
			name = Products;
			sourceTree = "<group>";
		};
		1D36A885235240DC001E2F5C /* pairgame */ = {
			isa = PBXGroup;
			children = (
				1D6356E02382527800398921 /* uiview */,
				1D276C7B23524F89001AC336 /* cells */,
				1D276C702352430D001AC336 /* controller */,
				1D36A886235240DC001E2F5C /* AppDelegate.swift */,
				1D36A888235240DC001E2F5C /* SceneDelegate.swift */,
				1D36A88C235240DC001E2F5C /* Main.storyboard */,
				1D36A892235240DE001E2F5C /* Assets.xcassets */,
				1D36A894235240DE001E2F5C /* LaunchScreen.storyboard */,
				1D36A897235240DE001E2F5C /* Info.plist */,
				1D36A88F235240DC001E2F5C /* pairgame.xcdatamodeld */,
			);
			path = pairgame;
			sourceTree = "<group>";
		};
		1D6356E02382527800398921 /* uiview */ = {
			isa = PBXGroup;
			children = (
				1D6356DE2382527100398921 /* FloatingTextField.swift */,
			);
			path = uiview;
			sourceTree = "<group>";
		};
		CC70D54623B02AD478AE2AD6 /* Frameworks */ = {
			isa = PBXGroup;
			children = (
				2E7780661E35EAA7531BC43F /* Pods_pairgame.framework */,
			);
			name = Frameworks;
			sourceTree = "<group>";
		};
		F9840F2C2B569CA563BD2014 /* Pods */ = {
			isa = PBXGroup;
			children = (
				9681A7F00C5BA9768EE1EBD8 /* Pods-pairgame.debug.xcconfig */,
				A6D0B0DD095AD7E8A18EB8E2 /* Pods-pairgame.release.xcconfig */,
			);
			path = Pods;
			sourceTree = "<group>";
		};
/* End PBXGroup section */

/* Begin PBXNativeTarget section */
		1D36A882235240DC001E2F5C /* pairgame */ = {
			isa = PBXNativeTarget;
			buildConfigurationList = 1D36A89A235240DE001E2F5C /* Build configuration list for PBXNativeTarget "pairgame" */;
			buildPhases = (
				69994D05CB63A0797873A6BA /* [CP] Check Pods Manifest.lock */,
				1D36A87F235240DC001E2F5C /* Sources */,
				1D36A880235240DC001E2F5C /* Frameworks */,
				1D36A881235240DC001E2F5C /* Resources */,
				F70119D92F3A9760F4D7A02A /* [CP] Embed Pods Frameworks */,
			);
			buildRules = (
			);
			dependencies = (
			);
			name = pairgame;
			productName = pairgame;
			productReference = 1D36A883235240DC001E2F5C /* PairGame.app */;
			productType = "com.apple.product-type.application";
		};
/* End PBXNativeTarget section */

/* Begin PBXProject section */
		1D36A87B235240DC001E2F5C /* Project object */ = {
			isa = PBXProject;
			attributes = {
				LastSwiftUpdateCheck = 1110;
				LastUpgradeCheck = 1110;
				ORGANIZATIONNAME = "Michael Pardo ";
				TargetAttributes = {
					1D36A882235240DC001E2F5C = {
						CreatedOnToolsVersion = 11.1;
					};
				};
			};
			buildConfigurationList = 1D36A87E235240DC001E2F5C /* Build configuration list for PBXProject "pairgame" */;
			compatibilityVersion = "Xcode 9.3";
			developmentRegion = en;
			hasScannedForEncodings = 0;
			knownRegions = (
				en,
				Base,
			);
			mainGroup = 1D36A87A235240DC001E2F5C;
			productRefGroup = 1D36A884235240DC001E2F5C /* Products */;
			projectDirPath = "";
			projectRoot = "";
			targets = (
				1D36A882235240DC001E2F5C /* pairgame */,
			);
		};
/* End PBXProject section */

/* Begin PBXResourcesBuildPhase section */
		1D36A881235240DC001E2F5C /* Resources */ = {
			isa = PBXResourcesBuildPhase;
			buildActionMask = 2147483647;
			files = (
				1D36A896235240DE001E2F5C /* LaunchScreen.storyboard in Resources */,
				1D36A893235240DE001E2F5C /* Assets.xcassets in Resources */,
				1D36A88E235240DC001E2F5C /* Main.storyboard in Resources */,
			);
			runOnlyForDeploymentPostprocessing = 0;
		};
/* End PBXResourcesBuildPhase section */

/* Begin PBXShellScriptBuildPhase section */
		69994D05CB63A0797873A6BA /* [CP] Check Pods Manifest.lock */ = {
			isa = PBXShellScriptBuildPhase;
			buildActionMask = 2147483647;
			files = (
			);
			inputFileListPaths = (
			);
			inputPaths = (
				"${PODS_PODFILE_DIR_PATH}/Podfile.lock",
				"${PODS_ROOT}/Manifest.lock",
			);
			name = "[CP] Check Pods Manifest.lock";
			outputFileListPaths = (
			);
			outputPaths = (
				"$(DERIVED_FILE_DIR)/Pods-pairgame-checkManifestLockResult.txt",
			);
			runOnlyForDeploymentPostprocessing = 0;
			shellPath = /bin/sh;
			shellScript = "diff \"${PODS_PODFILE_DIR_PATH}/Podfile.lock\" \"${PODS_ROOT}/Manifest.lock\" > /dev/null\nif [ $? != 0 ] ; then\n    # print error to STDERR\n    echo \"error: The sandbox is not in sync with the Podfile.lock. Run 'pod install' or update your CocoaPods installation.\" >&2\n    exit 1\nfi\n# This output is used by Xcode 'outputs' to avoid re-running this script phase.\necho \"SUCCESS\" > \"${SCRIPT_OUTPUT_FILE_0}\"\n";
			showEnvVarsInLog = 0;
		};
		F70119D92F3A9760F4D7A02A /* [CP] Embed Pods Frameworks */ = {
			isa = PBXShellScriptBuildPhase;
			buildActionMask = 2147483647;
			files = (
			);
			inputFileListPaths = (
				"${PODS_ROOT}/Target Support Files/Pods-pairgame/Pods-pairgame-frameworks-${CONFIGURATION}-input-files.xcfilelist",
			);
			name = "[CP] Embed Pods Frameworks";
			outputFileListPaths = (
				"${PODS_ROOT}/Target Support Files/Pods-pairgame/Pods-pairgame-frameworks-${CONFIGURATION}-output-files.xcfilelist",
			);
			runOnlyForDeploymentPostprocessing = 0;
			shellPath = /bin/sh;
			shellScript = "\"${PODS_ROOT}/Target Support Files/Pods-pairgame/Pods-pairgame-frameworks.sh\"\n";
			showEnvVarsInLog = 0;
		};
/* End PBXShellScriptBuildPhase section */

/* Begin PBXSourcesBuildPhase section */
		1D36A87F235240DC001E2F5C /* Sources */ = {
			isa = PBXSourcesBuildPhase;
			buildActionMask = 2147483647;
			files = (
				1D9AEF5823825801005770D8 /* LoginVC.swift in Sources */,
				1D36A88B235240DC001E2F5C /* ViewController.swift in Sources */,
				1D276C742352444D001AC336 /* DescriptionVC.swift in Sources */,
				1D7478F22352548900B46C7A /* GameCell.swift in Sources */,
				1D6356DF2382527100398921 /* FloatingTextField.swift in Sources */,
				1D276C7823524CF5001AC336 /* LevelCell.swift in Sources */,
				1D276C7223524338001AC336 /* SplashVC.swift in Sources */,
				1D36A887235240DC001E2F5C /* AppDelegate.swift in Sources */,
				1D276C76235249FE001AC336 /* GameVC.swift in Sources */,
				1D80FDA323A82EF8008488FB /* RegisterVC.swift in Sources */,
				1D36A889235240DC001E2F5C /* SceneDelegate.swift in Sources */,
				1D36A891235240DC001E2F5C /* pairgame.xcdatamodeld in Sources */,
			);
			runOnlyForDeploymentPostprocessing = 0;
		};
/* End PBXSourcesBuildPhase section */

/* Begin PBXVariantGroup section */
		1D36A88C235240DC001E2F5C /* Main.storyboard */ = {
			isa = PBXVariantGroup;
			children = (
				1D36A88D235240DC001E2F5C /* Base */,
			);
			name = Main.storyboard;
			sourceTree = "<group>";
		};
		1D36A894235240DE001E2F5C /* LaunchScreen.storyboard */ = {
			isa = PBXVariantGroup;
			children = (
				1D36A895235240DE001E2F5C /* Base */,
			);
			name = LaunchScreen.storyboard;
			sourceTree = "<group>";
		};
/* End PBXVariantGroup section */

/* Begin XCBuildConfiguration section */
		1D36A898235240DE001E2F5C /* Debug */ = {
			isa = XCBuildConfiguration;
			buildSettings = {
				ALWAYS_SEARCH_USER_PATHS = NO;
				CLANG_ANALYZER_NONNULL = YES;
				CLANG_ANALYZER_NUMBER_OBJECT_CONVERSION = YES_AGGRESSIVE;
				CLANG_CXX_LANGUAGE_STANDARD = "gnu++14";
				CLANG_CXX_LIBRARY = "libc++";
				CLANG_ENABLE_MODULES = YES;
				CLANG_ENABLE_OBJC_ARC = YES;
				CLANG_ENABLE_OBJC_WEAK = YES;
				CLANG_WARN_BLOCK_CAPTURE_AUTORELEASING = YES;
				CLANG_WARN_BOOL_CONVERSION = YES;
				CLANG_WARN_COMMA = YES;
				CLANG_WARN_CONSTANT_CONVERSION = YES;
				CLANG_WARN_DEPRECATED_OBJC_IMPLEMENTATIONS = YES;
				CLANG_WARN_DIRECT_OBJC_ISA_USAGE = YES_ERROR;
				CLANG_WARN_DOCUMENTATION_COMMENTS = YES;
				CLANG_WARN_EMPTY_BODY = YES;
				CLANG_WARN_ENUM_CONVERSION = YES;
				CLANG_WARN_INFINITE_RECURSION = YES;
				CLANG_WARN_INT_CONVERSION = YES;
				CLANG_WARN_NON_LITERAL_NULL_CONVERSION = YES;
				CLANG_WARN_OBJC_IMPLICIT_RETAIN_SELF = YES;
				CLANG_WARN_OBJC_LITERAL_CONVERSION = YES;
				CLANG_WARN_OBJC_ROOT_CLASS = YES_ERROR;
				CLANG_WARN_RANGE_LOOP_ANALYSIS = YES;
				CLANG_WARN_STRICT_PROTOTYPES = YES;
				CLANG_WARN_SUSPICIOUS_MOVE = YES;
				CLANG_WARN_UNGUARDED_AVAILABILITY = YES_AGGRESSIVE;
				CLANG_WARN_UNREACHABLE_CODE = YES;
				CLANG_WARN__DUPLICATE_METHOD_MATCH = YES;
				COPY_PHASE_STRIP = NO;
				DEBUG_INFORMATION_FORMAT = dwarf;
				ENABLE_STRICT_OBJC_MSGSEND = YES;
				ENABLE_TESTABILITY = YES;
				GCC_C_LANGUAGE_STANDARD = gnu11;
				GCC_DYNAMIC_NO_PIC = NO;
				GCC_NO_COMMON_BLOCKS = YES;
				GCC_OPTIMIZATION_LEVEL = 0;
				GCC_PREPROCESSOR_DEFINITIONS = (
					"DEBUG=1",
					"$(inherited)",
				);
				GCC_WARN_64_TO_32_BIT_CONVERSION = YES;
				GCC_WARN_ABOUT_RETURN_TYPE = YES_ERROR;
				GCC_WARN_UNDECLARED_SELECTOR = YES;
				GCC_WARN_UNINITIALIZED_AUTOS = YES_AGGRESSIVE;
				GCC_WARN_UNUSED_FUNCTION = YES;
				GCC_WARN_UNUSED_VARIABLE = YES;
				IPHONEOS_DEPLOYMENT_TARGET = 13.1;
				MTL_ENABLE_DEBUG_INFO = INCLUDE_SOURCE;
				MTL_FAST_MATH = YES;
				ONLY_ACTIVE_ARCH = YES;
				SDKROOT = iphoneos;
				SWIFT_ACTIVE_COMPILATION_CONDITIONS = DEBUG;
				SWIFT_OPTIMIZATION_LEVEL = "-Onone";
			};
			name = Debug;
		};
		1D36A899235240DE001E2F5C /* Release */ = {
			isa = XCBuildConfiguration;
			buildSettings = {
				ALWAYS_SEARCH_USER_PATHS = NO;
				CLANG_ANALYZER_NONNULL = YES;
				CLANG_ANALYZER_NUMBER_OBJECT_CONVERSION = YES_AGGRESSIVE;
				CLANG_CXX_LANGUAGE_STANDARD = "gnu++14";
				CLANG_CXX_LIBRARY = "libc++";
				CLANG_ENABLE_MODULES = YES;
				CLANG_ENABLE_OBJC_ARC = YES;
				CLANG_ENABLE_OBJC_WEAK = YES;
				CLANG_WARN_BLOCK_CAPTURE_AUTORELEASING = YES;
				CLANG_WARN_BOOL_CONVERSION = YES;
				CLANG_WARN_COMMA = YES;
				CLANG_WARN_CONSTANT_CONVERSION = YES;
				CLANG_WARN_DEPRECATED_OBJC_IMPLEMENTATIONS = YES;
				CLANG_WARN_DIRECT_OBJC_ISA_USAGE = YES_ERROR;
				CLANG_WARN_DOCUMENTATION_COMMENTS = YES;
				CLANG_WARN_EMPTY_BODY = YES;
				CLANG_WARN_ENUM_CONVERSION = YES;
				CLANG_WARN_INFINITE_RECURSION = YES;
				CLANG_WARN_INT_CONVERSION = YES;
				CLANG_WARN_NON_LITERAL_NULL_CONVERSION = YES;
				CLANG_WARN_OBJC_IMPLICIT_RETAIN_SELF = YES;
				CLANG_WARN_OBJC_LITERAL_CONVERSION = YES;
				CLANG_WARN_OBJC_ROOT_CLASS = YES_ERROR;
				CLANG_WARN_RANGE_LOOP_ANALYSIS = YES;
				CLANG_WARN_STRICT_PROTOTYPES = YES;
				CLANG_WARN_SUSPICIOUS_MOVE = YES;
				CLANG_WARN_UNGUARDED_AVAILABILITY = YES_AGGRESSIVE;
				CLANG_WARN_UNREACHABLE_CODE = YES;
				CLANG_WARN__DUPLICATE_METHOD_MATCH = YES;
				COPY_PHASE_STRIP = NO;
				DEBUG_INFORMATION_FORMAT = "dwarf-with-dsym";
				ENABLE_NS_ASSERTIONS = NO;
				ENABLE_STRICT_OBJC_MSGSEND = YES;
				GCC_C_LANGUAGE_STANDARD = gnu11;
				GCC_NO_COMMON_BLOCKS = YES;
				GCC_WARN_64_TO_32_BIT_CONVERSION = YES;
				GCC_WARN_ABOUT_RETURN_TYPE = YES_ERROR;
				GCC_WARN_UNDECLARED_SELECTOR = YES;
				GCC_WARN_UNINITIALIZED_AUTOS = YES_AGGRESSIVE;
				GCC_WARN_UNUSED_FUNCTION = YES;
				GCC_WARN_UNUSED_VARIABLE = YES;
				IPHONEOS_DEPLOYMENT_TARGET = 13.1;
				MTL_ENABLE_DEBUG_INFO = NO;
				MTL_FAST_MATH = YES;
				SDKROOT = iphoneos;
				SWIFT_COMPILATION_MODE = wholemodule;
				SWIFT_OPTIMIZATION_LEVEL = "-O";
				VALIDATE_PRODUCT = YES;
			};
			name = Release;
		};
		1D36A89B235240DE001E2F5C /* Debug */ = {
			isa = XCBuildConfiguration;
			baseConfigurationReference = 9681A7F00C5BA9768EE1EBD8 /* Pods-pairgame.debug.xcconfig */;
			buildSettings = {
				ASSETCATALOG_COMPILER_APPICON_NAME = AppIcon;
				CODE_SIGN_STYLE = Automatic;
				DEVELOPMENT_TEAM = 4MG857P39S;
				INFOPLIST_FILE = pairgame/Info.plist;
				IPHONEOS_DEPLOYMENT_TARGET = 13.0;
				LD_RUNPATH_SEARCH_PATHS = (
					"$(inherited)",
					"@executable_path/Frameworks",
				);
				PRODUCT_BUNDLE_IDENTIFIER = com.mistpaag.pairgame;
				PRODUCT_NAME = PairGame;
				SWIFT_VERSION = 5.0;
				TARGETED_DEVICE_FAMILY = "1,2";
			};
			name = Debug;
		};
		1D36A89C235240DE001E2F5C /* Release */ = {
			isa = XCBuildConfiguration;
			baseConfigurationReference = A6D0B0DD095AD7E8A18EB8E2 /* Pods-pairgame.release.xcconfig */;
			buildSettings = {
				ASSETCATALOG_COMPILER_APPICON_NAME = AppIcon;
				CODE_SIGN_STYLE = Automatic;
				DEVELOPMENT_TEAM = 4MG857P39S;
				INFOPLIST_FILE = pairgame/Info.plist;
				IPHONEOS_DEPLOYMENT_TARGET = 13.0;
				LD_RUNPATH_SEARCH_PATHS = (
					"$(inherited)",
					"@executable_path/Frameworks",
				);
				PRODUCT_BUNDLE_IDENTIFIER = com.mistpaag.pairgame;
				PRODUCT_NAME = PairGame;
				SWIFT_VERSION = 5.0;
				TARGETED_DEVICE_FAMILY = "1,2";
			};
			name = Release;
		};
/* End XCBuildConfiguration section */

/* Begin XCConfigurationList section */
		1D36A87E235240DC001E2F5C /* Build configuration list for PBXProject "pairgame" */ = {
			isa = XCConfigurationList;
			buildConfigurations = (
				1D36A898235240DE001E2F5C /* Debug */,
				1D36A899235240DE001E2F5C /* Release */,
			);
			defaultConfigurationIsVisible = 0;
			defaultConfigurationName = Release;
		};
		1D36A89A235240DE001E2F5C /* Build configuration list for PBXNativeTarget "pairgame" */ = {
			isa = XCConfigurationList;
			buildConfigurations = (
				1D36A89B235240DE001E2F5C /* Debug */,
				1D36A89C235240DE001E2F5C /* Release */,
			);
			defaultConfigurationIsVisible = 0;
			defaultConfigurationName = Release;
		};
/* End XCConfigurationList section */

/* Begin XCVersionGroup section */
		1D36A88F235240DC001E2F5C /* pairgame.xcdatamodeld */ = {
			isa = XCVersionGroup;
			children = (
				1D36A890235240DC001E2F5C /* pairgame.xcdatamodel */,
			);
			currentVersion = 1D36A890235240DC001E2F5C /* pairgame.xcdatamodel */;
			path = pairgame.xcdatamodeld;
			sourceTree = "<group>";
			versionGroupType = wrapper.xcdatamodel;
		};
/* End XCVersionGroup section */
	};
	rootObject = 1D36A87B235240DC001E2F5C /* Project object */;
}
